
Microsoft Visual Studio Solution File, Format Version 12.00
# Visual Studio Version 17
VisualStudioVersion = 17.9.34622.214
MinimumVisualStudioVersion = 10.0.40219.1
Project("{FAE04EC0-301F-11D3-BF4B-00C04F79EFBC}") = "PaymentsAPI", "PaymentsAPI\PaymentsAPI.csproj", "{E8C6A7A2-44D2-4BD1-BFBB-7587D70B476D}"
EndProject
Global
	GlobalSection(SolutionConfigurationPlatforms) = preSolution
		Debug|Any CPU = Debug|Any CPU
		Release|Any CPU = Release|Any CPU
	EndGlobalSection
	GlobalSection(ProjectConfigurationPlatforms) = postSolution
		{E8C6A7A2-44D2-4BD1-BFBB-7587D70B476D}.Debug|Any CPU.ActiveCfg = Debug|Any CPU
		{E8C6A7A2-44D2-4BD1-BFBB-7587D70B476D}.Debug|Any CPU.Build.0 = Debug|Any CPU
		{E8C6A7A2-44D2-4BD1-BFBB-7587D70B476D}.Release|Any CPU.ActiveCfg = Release|Any CPU
		{E8C6A7A2-44D2-4BD1-BFBB-7587D70B476D}.Release|Any CPU.Build.0 = Release|Any CPU
	EndGlobalSection
	GlobalSection(SolutionProperties) = preSolution
		HideSolutionNode = FALSE
	EndGlobalSection
	GlobalSection(ExtensibilityGlobals) = postSolution
		SolutionGuid = {AA36EC61-6062-447B-923B-CD81CF5073D4}
	EndGlobalSection
EndGlobal
